PODS:
  - InputBarAccessoryView (4.3.2):
    - InputBarAccessoryView/Core (= 4.3.2)
  - InputBarAccessoryView/Core (4.3.2)
  - MaterialProgressBar (1.2.0)
  - MessageKit (3.1.0):
    - InputBarAccessoryView (~> 4.3.0)

DEPENDENCIES:
  - MaterialProgressBar
  - MessageKit

SPEC REPOS:
  trunk:
    - InputBarAccessoryView
    - MaterialProgressBar
    - MessageKit

SPEC CHECKSUMS:
  InputBarAccessoryView: 7985d418040a05fe894bd4b8328dd43ab35517c3
  MaterialProgressBar: 5119975877966d7efd6b8556dea4bc9c036254d6
  MessageKit: 3beb578737a5aa2bba25cc27c7b6d6faa09af5a7

PODFILE CHECKSUM: ad72603f61601e67297be853d40fa1d4c4ad9b96

COCOAPODS: 1.9.1
